
Microsoft Visual Studio Solution File, Format Version 12.00
# Visual Studio Version 17
VisualStudioVersion = 17.8.34330.188
MinimumVisualStudioVersion = 10.0.40219.1
Project("{FAE04EC0-301F-11D3-BF4B-00C04F79EFBC}") = "HydroVis", "HydroVis\HydroVis.csproj", "{A123078C-CC54-4E4F-AA10-DFD456E141A7}"
EndProject
Global
	GlobalSection(SolutionConfigurationPlatforms) = preSolution
		Debug|Any CPU = Debug|Any CPU
		Release|Any CPU = Release|Any CPU
	EndGlobalSection
	GlobalSection(ProjectConfigurationPlatforms) = postSolution
		{A123078C-CC54-4E4F-AA10-DFD456E141A7}.Debug|Any CPU.ActiveCfg = Debug|Any CPU
		{A123078C-CC54-4E4F-AA10-DFD456E141A7}.Debug|Any CPU.Build.0 = Debug|Any CPU
		{A123078C-CC54-4E4F-AA10-DFD456E141A7}.Release|Any CPU.ActiveCfg = Release|Any CPU
		{A123078C-CC54-4E4F-AA10-DFD456E141A7}.Release|Any CPU.Build.0 = Release|Any CPU
	EndGlobalSection
	GlobalSection(SolutionProperties) = preSolution
		HideSolutionNode = FALSE
	EndGlobalSection
	GlobalSection(ExtensibilityGlobals) = postSolution
		SolutionGuid = {F7868C26-6DE5-494F-8E6B-75476CC52254}
	EndGlobalSection
EndGlobal
